{
    "doctrine/doctrine-bundle": {
        "version": "2.13",
        "recipe": {
            "repo": "github.com/symfony/recipes",
            "branch": "main",
            "version": "2.10",
            "ref": "c170ded8fc587d6bd670550c43dafcf093762245"
        },
        "files": [
            "config/packages/doctrine.yaml",
            "src/Entity/.gitignore",
            "src/Repository/.gitignore"
        ]
    },
    "doctrine/doctrine-migrations-bundle": {
        "version": "3.3",
        "recipe": {
            "repo": "github.com/symfony/recipes",
            "branch": "main",
            "version": "3.1",
            "ref": "1d01ec03c6ecbd67c3375c5478c9a423ae5d6a33"
        },
        "files": [
            "config/packages/doctrine_migrations.yaml",
            "migrations/.gitignore"
        ]
    },
    "mjfk23/gadget-console": {
        "version": "1.0",
        "recipe": {
            "repo": "github.com/mjfk23/symfony-recipes",
            "branch": "main",
            "version": "1.0",
            "ref": "cfe05bafc3af465689faea4ad0fa8fef07bb3467"
        },
        "files": [
            "config/packages/gadget_console.yaml"
        ]
    },
    "mjfk23/gadget-core": {
        "version": "1.0",
        "recipe": {
            "repo": "github.com/mjfk23/symfony-recipes",
            "branch": "main",
            "version": "1.0",
            "ref": "ee823375e301ef72a5af0b54a0a7935f3f72b173"
        },
        "files": [
            "config/packages/gadget_core.yaml"
        ]
    },
    "mjfk23/gadget-http": {
        "version": "1.0",
        "recipe": {
            "repo": "github.com/mjfk23/symfony-recipes",
            "branch": "main",
            "version": "1.0",
            "ref": "e0c2c4c98b6c04d8754a419b0c3557ba9bbaf754"
        },
        "files": [
            "config/packages/gadget_http.yaml"
        ]
    },
    "mjfk23/gadget-log": {
        "version": "1.0",
        "recipe": {
            "repo": "github.com/mjfk23/symfony-recipes",
            "branch": "main",
            "version": "1.0",
            "ref": "a5d9cbc47c1375193b5b6adc223dd9100400c05e"
        },
        "files": [
            "config/packages/gadget_log.yaml"
        ]
    },
    "php-http/discovery": {
        "version": "1.19",
        "recipe": {
            "repo": "github.com/symfony/recipes",
            "branch": "main",
            "version": "1.18",
            "ref": "f45b5dd173a27873ab19f5e3180b2f661c21de02"
        },
        "files": [
            "config/packages/http_discovery.yaml"
        ]
    },
    "phpstan/phpstan": {
        "version": "1.12",
        "recipe": {
            "repo": "github.com/symfony/recipes-contrib",
            "branch": "main",
            "version": "1.0",
            "ref": "5e490cc197fb6bb1ae22e5abbc531ddc633b6767"
        }
    },
    "phpunit/phpunit": {
        "version": "10.5",
        "recipe": {
            "repo": "github.com/symfony/recipes",
            "branch": "main",
            "version": "9.6",
            "ref": "7364a21d87e658eb363c5020c072ecfdc12e2326"
        },
        "files": [
            ".env.test",
            "phpunit.xml.dist",
            "tests/bootstrap.php"
        ]
    },
    "squizlabs/php_codesniffer": {
        "version": "3.10",
        "recipe": {
            "repo": "github.com/symfony/recipes-contrib",
            "branch": "main",
            "version": "3.6",
            "ref": "1019e5c08d4821cb9b77f4891f8e9c31ff20ac6f"
        }
    },
    "symfony/console": {
        "version": "6.4",
        "recipe": {
            "repo": "github.com/symfony/recipes",
            "branch": "main",
            "version": "5.3",
            "ref": "1781ff40d8a17d87cf53f8d4cf0c8346ed2bb461"
        },
        "files": [
            "bin/console"
        ]
    },
    "symfony/flex": {
        "version": "2.4",
        "recipe": {
            "repo": "github.com/symfony/recipes",
            "branch": "main",
            "version": "1.0",
            "ref": "146251ae39e06a95be0fe3d13c807bcf3938b172"
        },
        "files": [
            ".env"
        ]
    },
    "symfony/framework-bundle": {
        "version": "6.4",
        "recipe": {
            "repo": "github.com/symfony/recipes",
            "branch": "main",
            "version": "6.4",
            "ref": "32126346f25e1cee607cc4aa6783d46034920554"
        },
        "files": [
            "config/packages/cache.yaml",
            "config/packages/framework.yaml",
            "config/preload.php",
            "config/routes/framework.yaml",
            "config/services.yaml",
            "public/index.php",
            "src/Controller/.gitignore",
            "src/Kernel.php"
        ]
    },
    "symfony/maker-bundle": {
        "version": "1.61",
        "recipe": {
            "repo": "github.com/symfony/recipes",
            "branch": "main",
            "version": "1.0",
            "ref": "fadbfe33303a76e25cb63401050439aa9b1a9c7f"
        }
    },
    "symfony/monolog-bundle": {
        "version": "3.10",
        "recipe": {
            "repo": "github.com/symfony/recipes",
            "branch": "main",
            "version": "3.7",
            "ref": "aff23899c4440dd995907613c1dd709b6f59503f"
        },
        "files": [
            "config/packages/monolog.yaml"
        ]
    },
    "symfony/routing": {
        "version": "6.4",
        "recipe": {
            "repo": "github.com/symfony/recipes",
            "branch": "main",
            "version": "6.2",
            "ref": "e0a11b4ccb8c9e70b574ff5ad3dfdcd41dec5aa6"
        },
        "files": [
            "config/packages/routing.yaml",
            "config/routes.yaml"
        ]
    },
    "vimeo/psalm": {
        "version": "5.26",
        "recipe": {
            "repo": "github.com/mjfk23/symfony-recipes",
            "branch": "main",
            "version": "5.26",
            "ref": "43b8fbb4486d2707459dc60fb17befa3b456c334"
        },
        "files": [
            "psalm.xml.dist"
        ]
    }
}
